
Microsoft Visual Studio Solution File, Format Version 12.00
# Visual Studio Version 16
VisualStudioVersion = 16.0.28809.33
MinimumVisualStudioVersion = 10.0.40219.1
Project("{F184B08F-C81C-45F6-A57F-5ABD9991F28F}") = "Modicare", "home\Modicare.vbproj", "{C4EDBEB3-1F43-4E72-8CFA-BD688DDE8901}"
EndProject
Global
	GlobalSection(SolutionConfigurationPlatforms) = preSolution
		Debug|Any CPU = Debug|Any CPU
		Release|Any CPU = Release|Any CPU
	EndGlobalSection
	GlobalSection(ProjectConfigurationPlatforms) = postSolution
		{C4EDBEB3-1F43-4E72-8CFA-BD688DDE8901}.Debug|Any CPU.ActiveCfg = Debug|Any CPU
		{C4EDBEB3-1F43-4E72-8CFA-BD688DDE8901}.Debug|Any CPU.Build.0 = Debug|Any CPU
		{C4EDBEB3-1F43-4E72-8CFA-BD688DDE8901}.Release|Any CPU.ActiveCfg = Release|Any CPU
		{C4EDBEB3-1F43-4E72-8CFA-BD688DDE8901}.Release|Any CPU.Build.0 = Release|Any CPU
	EndGlobalSection
	GlobalSection(SolutionProperties) = preSolution
		HideSolutionNode = FALSE
	EndGlobalSection
	GlobalSection(ExtensibilityGlobals) = postSolution
		SolutionGuid = {CDE0BDDF-AA30-4B47-B025-27F5545CDFB4}
	EndGlobalSection
EndGlobal
